// !$*UTF8*$!
{
	archiveVersion = 1;
	classes = {
	};
	objectVersion = 46;
	objects = {

/* Begin PBXBuildFile section */
		3F069B361BD35A9500FF08D9 /* SharingTable.swift in Sources */ = {isa = PBXBuildFile; fileRef = 3F069B351BD35A9500FF08D9 /* SharingTable.swift */; settings = {ASSET_TAGS = (); }; };
		3F069B381BD38C7900FF08D9 /* SharingTableCell.swift in Sources */ = {isa = PBXBuildFile; fileRef = 3F069B371BD38C7900FF08D9 /* SharingTableCell.swift */; settings = {ASSET_TAGS = (); }; };
		3F069B3A1BD4D8C100FF08D9 /* PermissionsView.swift in Sources */ = {isa = PBXBuildFile; fileRef = 3F069B391BD4D8C100FF08D9 /* PermissionsView.swift */; settings = {ASSET_TAGS = (); }; };
		3F069B3C1BD5054100FF08D9 /* freeman-600.png in Resources */ = {isa = PBXBuildFile; fileRef = 3F069B3B1BD5054100FF08D9 /* freeman-600.png */; settings = {ASSET_TAGS = (); }; };
		3F0963941BD55E390067DD07 /* emoji-iOS-9.0.txt in Resources */ = {isa = PBXBuildFile; fileRef = 3F0963931BD55E390067DD07 /* emoji-iOS-9.0.txt */; settings = {ASSET_TAGS = (); }; };
		3F1A4C3F1BD1E4390044693A /* PhotosCameraCell.swift in Sources */ = {isa = PBXBuildFile; fileRef = 3F1A4C3E1BD1E4390044693A /* PhotosCameraCell.swift */; settings = {ASSET_TAGS = (); }; };
		3F55D52A1BC6784F00377B8A /* AppDelegate.swift in Sources */ = {isa = PBXBuildFile; fileRef = 3F55D5291BC6784F00377B8A /* AppDelegate.swift */; };
		3F55D52C1BC6784F00377B8A /* MainView.swift in Sources */ = {isa = PBXBuildFile; fileRef = 3F55D52B1BC6784F00377B8A /* MainView.swift */; };
		3F55D52F1BC6784F00377B8A /* Main.storyboard in Resources */ = {isa = PBXBuildFile; fileRef = 3F55D52D1BC6784F00377B8A /* Main.storyboard */; };
		3F55D5311BC6784F00377B8A /* Assets.xcassets in Resources */ = {isa = PBXBuildFile; fileRef = 3F55D5301BC6784F00377B8A /* Assets.xcassets */; };
		3F55D5341BC6784F00377B8A /* LaunchScreen.storyboard in Resources */ = {isa = PBXBuildFile; fileRef = 3F55D5321BC6784F00377B8A /* LaunchScreen.storyboard */; };
		3F55D53F1BC6784F00377B8A /* emojifyTests.swift in Sources */ = {isa = PBXBuildFile; fileRef = 3F55D53E1BC6784F00377B8A /* emojifyTests.swift */; };
		3F55D54A1BC6784F00377B8A /* emojifyUITests.swift in Sources */ = {isa = PBXBuildFile; fileRef = 3F55D5491BC6784F00377B8A /* emojifyUITests.swift */; };
		3F55D55A1BCA593E00377B8A /* PhotosGrid.swift in Sources */ = {isa = PBXBuildFile; fileRef = 3F55D5591BCA593E00377B8A /* PhotosGrid.swift */; settings = {ASSET_TAGS = (); }; };
		3F55D55C1BCB688F00377B8A /* PhotosCell.swift in Sources */ = {isa = PBXBuildFile; fileRef = 3F55D55B1BCB688F00377B8A /* PhotosCell.swift */; settings = {ASSET_TAGS = (); }; };
		3FB88F1D1BD1031D0079EDC3 /* EmojiGrid.swift in Sources */ = {isa = PBXBuildFile; fileRef = 3FB88F1B1BD1031D0079EDC3 /* EmojiGrid.swift */; settings = {ASSET_TAGS = (); }; };
		3FB88F1E1BD1031D0079EDC3 /* EmojiCell.swift in Sources */ = {isa = PBXBuildFile; fileRef = 3FB88F1C1BD1031D0079EDC3 /* EmojiCell.swift */; settings = {ASSET_TAGS = (); }; };
/* End PBXBuildFile section */

/* Begin PBXContainerItemProxy section */
		3F55D53B1BC6784F00377B8A /* PBXContainerItemProxy */ = {
			isa = PBXContainerItemProxy;
			containerPortal = 3F55D51E1BC6784F00377B8A /* Project object */;
			proxyType = 1;
			remoteGlobalIDString = 3F55D5251BC6784F00377B8A;
			remoteInfo = emojify;
		};
		3F55D5461BC6784F00377B8A /* PBXContainerItemProxy */ = {
			isa = PBXContainerItemProxy;
			containerPortal = 3F55D51E1BC6784F00377B8A /* Project object */;
			proxyType = 1;
			remoteGlobalIDString = 3F55D5251BC6784F00377B8A;
			remoteInfo = emojify;
		};
/* End PBXContainerItemProxy section */

/* Begin PBXFileReference section */
		3F069B351BD35A9500FF08D9 /* SharingTable.swift */ = {isa = PBXFileReference; fileEncoding = 4; lastKnownFileType = sourcecode.swift; path = SharingTable.swift; sourceTree = "<group>"; };
		3F069B371BD38C7900FF08D9 /* SharingTableCell.swift */ = {isa = PBXFileReference; fileEncoding = 4; lastKnownFileType = sourcecode.swift; path = SharingTableCell.swift; sourceTree = "<group>"; };
		3F069B391BD4D8C100FF08D9 /* PermissionsView.swift */ = {isa = PBXFileReference; fileEncoding = 4; lastKnownFileType = sourcecode.swift; path = PermissionsView.swift; sourceTree = "<group>"; };
		3F069B3B1BD5054100FF08D9 /* freeman-600.png */ = {isa = PBXFileReference; lastKnownFileType = image.png; path = "freeman-600.png"; sourceTree = "<group>"; };
		3F0963931BD55E390067DD07 /* emoji-iOS-9.0.txt */ = {isa = PBXFileReference; fileEncoding = 4; lastKnownFileType = text; path = "emoji-iOS-9.0.txt"; sourceTree = "<group>"; };
		3F1A4C3E1BD1E4390044693A /* PhotosCameraCell.swift */ = {isa = PBXFileReference; fileEncoding = 4; lastKnownFileType = sourcecode.swift; path = PhotosCameraCell.swift; sourceTree = "<group>"; };
		3F55D5261BC6784F00377B8A /* Emojify.app */ = {isa = PBXFileReference; explicitFileType = wrapper.application; includeInIndex = 0; path = Emojify.app; sourceTree = BUILT_PRODUCTS_DIR; };
		3F55D5291BC6784F00377B8A /* AppDelegate.swift */ = {isa = PBXFileReference; lastKnownFileType = sourcecode.swift; path = AppDelegate.swift; sourceTree = "<group>"; };
		3F55D52B1BC6784F00377B8A /* MainView.swift */ = {isa = PBXFileReference; lastKnownFileType = sourcecode.swift; path = MainView.swift; sourceTree = "<group>"; };
		3F55D52E1BC6784F00377B8A /* Base */ = {isa = PBXFileReference; lastKnownFileType = file.storyboard; name = Base; path = Base.lproj/Main.storyboard; sourceTree = "<group>"; };
		3F55D5301BC6784F00377B8A /* Assets.xcassets */ = {isa = PBXFileReference; lastKnownFileType = folder.assetcatalog; path = Assets.xcassets; sourceTree = "<group>"; };
		3F55D5331BC6784F00377B8A /* Base */ = {isa = PBXFileReference; lastKnownFileType = file.storyboard; name = Base; path = Base.lproj/LaunchScreen.storyboard; sourceTree = "<group>"; };
		3F55D5351BC6784F00377B8A /* Info.plist */ = {isa = PBXFileReference; lastKnownFileType = text.plist.xml; path = Info.plist; sourceTree = "<group>"; };
		3F55D53A1BC6784F00377B8A /* emojifyTests.xctest */ = {isa = PBXFileReference; explicitFileType = wrapper.cfbundle; includeInIndex = 0; path = emojifyTests.xctest; sourceTree = BUILT_PRODUCTS_DIR; };
		3F55D53E1BC6784F00377B8A /* emojifyTests.swift */ = {isa = PBXFileReference; lastKnownFileType = sourcecode.swift; path = emojifyTests.swift; sourceTree = "<group>"; };
		3F55D5401BC6784F00377B8A /* Info.plist */ = {isa = PBXFileReference; lastKnownFileType = text.plist.xml; path = Info.plist; sourceTree = "<group>"; };
		3F55D5451BC6784F00377B8A /* emojifyUITests.xctest */ = {isa = PBXFileReference; explicitFileType = wrapper.cfbundle; includeInIndex = 0; path = emojifyUITests.xctest; sourceTree = BUILT_PRODUCTS_DIR; };
		3F55D5491BC6784F00377B8A /* emojifyUITests.swift */ = {isa = PBXFileReference; lastKnownFileType = sourcecode.swift; path = emojifyUITests.swift; sourceTree = "<group>"; };
		3F55D54B1BC6784F00377B8A /* Info.plist */ = {isa = PBXFileReference; lastKnownFileType = text.plist.xml; path = Info.plist; sourceTree = "<group>"; };
		3F55D5591BCA593E00377B8A /* PhotosGrid.swift */ = {isa = PBXFileReference; fileEncoding = 4; lastKnownFileType = sourcecode.swift; path = PhotosGrid.swift; sourceTree = "<group>"; };
		3F55D55B1BCB688F00377B8A /* PhotosCell.swift */ = {isa = PBXFileReference; fileEncoding = 4; lastKnownFileType = sourcecode.swift; path = PhotosCell.swift; sourceTree = "<group>"; };
		3FB88F1B1BD1031D0079EDC3 /* EmojiGrid.swift */ = {isa = PBXFileReference; fileEncoding = 4; lastKnownFileType = sourcecode.swift; path = EmojiGrid.swift; sourceTree = "<group>"; };
		3FB88F1C1BD1031D0079EDC3 /* EmojiCell.swift */ = {isa = PBXFileReference; fileEncoding = 4; lastKnownFileType = sourcecode.swift; path = EmojiCell.swift; sourceTree = "<group>"; };
/* End PBXFileReference section */

/* Begin PBXFrameworksBuildPhase section */
		3F55D5231BC6784F00377B8A /* Frameworks */ = {
			isa = PBXFrameworksBuildPhase;
			buildActionMask = 2147483647;
			files = (
			);
			runOnlyForDeploymentPostprocessing = 0;
		};
		3F55D5371BC6784F00377B8A /* Frameworks */ = {
			isa = PBXFrameworksBuildPhase;
			buildActionMask = 2147483647;
			files = (
			);
			runOnlyForDeploymentPostprocessing = 0;
		};
		3F55D5421BC6784F00377B8A /* Frameworks */ = {
			isa = PBXFrameworksBuildPhase;
			buildActionMask = 2147483647;
			files = (
			);
			runOnlyForDeploymentPostprocessing = 0;
		};
/* End PBXFrameworksBuildPhase section */

/* Begin PBXGroup section */
		3F55D51D1BC6784F00377B8A = {
			isa = PBXGroup;
			children = (
				3F55D5281BC6784F00377B8A /* emojify */,
				3F55D53D1BC6784F00377B8A /* emojifyTests */,
				3F55D5481BC6784F00377B8A /* emojifyUITests */,
				3F55D5271BC6784F00377B8A /* Products */,
			);
			sourceTree = "<group>";
		};
		3F55D5271BC6784F00377B8A /* Products */ = {
			isa = PBXGroup;
			children = (
				3F55D5261BC6784F00377B8A /* Emojify.app */,
				3F55D53A1BC6784F00377B8A /* emojifyTests.xctest */,
				3F55D5451BC6784F00377B8A /* emojifyUITests.xctest */,
			);
			name = Products;
			sourceTree = "<group>";
		};
		3F55D5281BC6784F00377B8A /* emojify */ = {
			isa = PBXGroup;
			children = (
				3F55D5291BC6784F00377B8A /* AppDelegate.swift */,
				3F55D52B1BC6784F00377B8A /* MainView.swift */,
				3F069B391BD4D8C100FF08D9 /* PermissionsView.swift */,
				3F55D52D1BC6784F00377B8A /* Main.storyboard */,
				3F069B3B1BD5054100FF08D9 /* freeman-600.png */,
				3FB88F1B1BD1031D0079EDC3 /* EmojiGrid.swift */,
				3F069B351BD35A9500FF08D9 /* SharingTable.swift */,
				3FB88F1C1BD1031D0079EDC3 /* EmojiCell.swift */,
				3F069B371BD38C7900FF08D9 /* SharingTableCell.swift */,
				3F55D5591BCA593E00377B8A /* PhotosGrid.swift */,
				3F55D55B1BCB688F00377B8A /* PhotosCell.swift */,
				3F1A4C3E1BD1E4390044693A /* PhotosCameraCell.swift */,
				3F0963931BD55E390067DD07 /* emoji-iOS-9.0.txt */,
				3F55D5301BC6784F00377B8A /* Assets.xcassets */,
				3F55D5321BC6784F00377B8A /* LaunchScreen.storyboard */,
				3F55D5351BC6784F00377B8A /* Info.plist */,
			);
			path = emojify;
			sourceTree = "<group>";
		};
		3F55D53D1BC6784F00377B8A /* emojifyTests */ = {
			isa = PBXGroup;
			children = (
				3F55D53E1BC6784F00377B8A /* emojifyTests.swift */,
				3F55D5401BC6784F00377B8A /* Info.plist */,
			);
			path = emojifyTests;
			sourceTree = "<group>";
		};
		3F55D5481BC6784F00377B8A /* emojifyUITests */ = {
			isa = PBXGroup;
			children = (
				3F55D5491BC6784F00377B8A /* emojifyUITests.swift */,
				3F55D54B1BC6784F00377B8A /* Info.plist */,
			);
			path = emojifyUITests;
			sourceTree = "<group>";
		};
/* End PBXGroup section */

/* Begin PBXNativeTarget section */
		3F55D5251BC6784F00377B8A /* Emojify */ = {
			isa = PBXNativeTarget;
			buildConfigurationList = 3F55D54E1BC6784F00377B8A /* Build configuration list for PBXNativeTarget "Emojify" */;
			buildPhases = (
				3F55D5221BC6784F00377B8A /* Sources */,
				3F55D5231BC6784F00377B8A /* Frameworks */,
				3F55D5241BC6784F00377B8A /* Resources */,
			);
			buildRules = (
			);
			dependencies = (
			);
			name = Emojify;
			productName = emojify;
			productReference = 3F55D5261BC6784F00377B8A /* Emojify.app */;
			productType = "com.apple.product-type.application";
		};
		3F55D5391BC6784F00377B8A /* emojifyTests */ = {
			isa = PBXNativeTarget;
			buildConfigurationList = 3F55D5511BC6784F00377B8A /* Build configuration list for PBXNativeTarget "emojifyTests" */;
			buildPhases = (
				3F55D5361BC6784F00377B8A /* Sources */,
				3F55D5371BC6784F00377B8A /* Frameworks */,
				3F55D5381BC6784F00377B8A /* Resources */,
			);
			buildRules = (
			);
			dependencies = (
				3F55D53C1BC6784F00377B8A /* PBXTargetDependency */,
			);
			name = emojifyTests;
			productName = emojifyTests;
			productReference = 3F55D53A1BC6784F00377B8A /* emojifyTests.xctest */;
			productType = "com.apple.product-type.bundle.unit-test";
		};
		3F55D5441BC6784F00377B8A /* emojifyUITests */ = {
			isa = PBXNativeTarget;
			buildConfigurationList = 3F55D5541BC6784F00377B8A /* Build configuration list for PBXNativeTarget "emojifyUITests" */;
			buildPhases = (
				3F55D5411BC6784F00377B8A /* Sources */,
				3F55D5421BC6784F00377B8A /* Frameworks */,
				3F55D5431BC6784F00377B8A /* Resources */,
			);
			buildRules = (
			);
			dependencies = (
				3F55D5471BC6784F00377B8A /* PBXTargetDependency */,
			);
			name = emojifyUITests;
			productName = emojifyUITests;
			productReference = 3F55D5451BC6784F00377B8A /* emojifyUITests.xctest */;
			productType = "com.apple.product-type.bundle.ui-testing";
		};
/* End PBXNativeTarget section */

/* Begin PBXProject section */
		3F55D51E1BC6784F00377B8A /* Project object */ = {
			isa = PBXProject;
			attributes = {
				LastUpgradeCheck = 0700;
				ORGANIZATIONNAME = "Freeman Industries";
				TargetAttributes = {
					3F55D5251BC6784F00377B8A = {
						CreatedOnToolsVersion = 7.0.1;
						DevelopmentTeam = 8G79KQPSBX;
					};
					3F55D5391BC6784F00377B8A = {
						CreatedOnToolsVersion = 7.0.1;
						TestTargetID = 3F55D5251BC6784F00377B8A;
					};
					3F55D5441BC6784F00377B8A = {
						CreatedOnToolsVersion = 7.0.1;
						TestTargetID = 3F55D5251BC6784F00377B8A;
					};
				};
			};
			buildConfigurationList = 3F55D5211BC6784F00377B8A /* Build configuration list for PBXProject "Emojify" */;
			compatibilityVersion = "Xcode 3.2";
			developmentRegion = English;
			hasScannedForEncodings = 0;
			knownRegions = (
				en,
				Base,
			);
			mainGroup = 3F55D51D1BC6784F00377B8A;
			productRefGroup = 3F55D5271BC6784F00377B8A /* Products */;
			projectDirPath = "";
			projectRoot = "";
			targets = (
				3F55D5251BC6784F00377B8A /* Emojify */,
				3F55D5391BC6784F00377B8A /* emojifyTests */,
				3F55D5441BC6784F00377B8A /* emojifyUITests */,
			);
		};
/* End PBXProject section */

/* Begin PBXResourcesBuildPhase section */
		3F55D5241BC6784F00377B8A /* Resources */ = {
			isa = PBXResourcesBuildPhase;
			buildActionMask = 2147483647;
			files = (
				3F55D5341BC6784F00377B8A /* LaunchScreen.storyboard in Resources */,
				3F0963941BD55E390067DD07 /* emoji-iOS-9.0.txt in Resources */,
				3F55D5311BC6784F00377B8A /* Assets.xcassets in Resources */,
				3F069B3C1BD5054100FF08D9 /* freeman-600.png in Resources */,
				3F55D52F1BC6784F00377B8A /* Main.storyboard in Resources */,
			);
			runOnlyForDeploymentPostprocessing = 0;
		};
		3F55D5381BC6784F00377B8A /* Resources */ = {
			isa = PBXResourcesBuildPhase;
			buildActionMask = 2147483647;
			files = (
			);
			runOnlyForDeploymentPostprocessing = 0;
		};
		3F55D5431BC6784F00377B8A /* Resources */ = {
			isa = PBXResourcesBuildPhase;
			buildActionMask = 2147483647;
			files = (
			);
			runOnlyForDeploymentPostprocessing = 0;
		};
/* End PBXResourcesBuildPhase section */

/* Begin PBXSourcesBuildPhase section */
		3F55D5221BC6784F00377B8A /* Sources */ = {
			isa = PBXSourcesBuildPhase;
			buildActionMask = 2147483647;
			files = (
				3FB88F1E1BD1031D0079EDC3 /* EmojiCell.swift in Sources */,
				3F069B361BD35A9500FF08D9 /* SharingTable.swift in Sources */,
				3F55D55C1BCB688F00377B8A /* PhotosCell.swift in Sources */,
				3F069B3A1BD4D8C100FF08D9 /* PermissionsView.swift in Sources */,
				3F1A4C3F1BD1E4390044693A /* PhotosCameraCell.swift in Sources */,
				3F069B381BD38C7900FF08D9 /* SharingTableCell.swift in Sources */,
				3F55D52C1BC6784F00377B8A /* MainView.swift in Sources */,
				3F55D55A1BCA593E00377B8A /* PhotosGrid.swift in Sources */,
				3F55D52A1BC6784F00377B8A /* AppDelegate.swift in Sources */,
				3FB88F1D1BD1031D0079EDC3 /* EmojiGrid.swift in Sources */,
			);
			runOnlyForDeploymentPostprocessing = 0;
		};
		3F55D5361BC6784F00377B8A /* Sources */ = {
			isa = PBXSourcesBuildPhase;
			buildActionMask = 2147483647;
			files = (
				3F55D53F1BC6784F00377B8A /* emojifyTests.swift in Sources */,
			);
			runOnlyForDeploymentPostprocessing = 0;
		};
		3F55D5411BC6784F00377B8A /* Sources */ = {
			isa = PBXSourcesBuildPhase;
			buildActionMask = 2147483647;
			files = (
				3F55D54A1BC6784F00377B8A /* emojifyUITests.swift in Sources */,
			);
			runOnlyForDeploymentPostprocessing = 0;
		};
/* End PBXSourcesBuildPhase section */

/* Begin PBXTargetDependency section */
		3F55D53C1BC6784F00377B8A /* PBXTargetDependency */ = {
			isa = PBXTargetDependency;
			target = 3F55D5251BC6784F00377B8A /* Emojify */;
			targetProxy = 3F55D53B1BC6784F00377B8A /* PBXContainerItemProxy */;
		};
		3F55D5471BC6784F00377B8A /* PBXTargetDependency */ = {
			isa = PBXTargetDependency;
			target = 3F55D5251BC6784F00377B8A /* Emojify */;
			targetProxy = 3F55D5461BC6784F00377B8A /* PBXContainerItemProxy */;
		};
/* End PBXTargetDependency section */

/* Begin PBXVariantGroup section */
		3F55D52D1BC6784F00377B8A /* Main.storyboard */ = {
			isa = PBXVariantGroup;
			children = (
				3F55D52E1BC6784F00377B8A /* Base */,
			);
			name = Main.storyboard;
			sourceTree = "<group>";
		};
		3F55D5321BC6784F00377B8A /* LaunchScreen.storyboard */ = {
			isa = PBXVariantGroup;
			children = (
				3F55D5331BC6784F00377B8A /* Base */,
			);
			name = LaunchScreen.storyboard;
			sourceTree = "<group>";
		};
/* End PBXVariantGroup section */

/* Begin XCBuildConfiguration section */
		3F55D54C1BC6784F00377B8A /* Debug */ = {
			isa = XCBuildConfiguration;
			buildSettings = {
				ALWAYS_SEARCH_USER_PATHS = NO;
				CLANG_CXX_LANGUAGE_STANDARD = "gnu++0x";
				CLANG_CXX_LIBRARY = "libc++";
				CLANG_ENABLE_MODULES = YES;
				CLANG_ENABLE_OBJC_ARC = YES;
				CLANG_WARN_BOOL_CONVERSION = YES;
				CLANG_WARN_CONSTANT_CONVERSION = YES;
				CLANG_WARN_DIRECT_OBJC_ISA_USAGE = YES_ERROR;
				CLANG_WARN_EMPTY_BODY = YES;
				CLANG_WARN_ENUM_CONVERSION = YES;
				CLANG_WARN_INT_CONVERSION = YES;
				CLANG_WARN_OBJC_ROOT_CLASS = YES_ERROR;
				CLANG_WARN_UNREACHABLE_CODE = YES;
				CLANG_WARN__DUPLICATE_METHOD_MATCH = YES;
				"CODE_SIGN_IDENTITY[sdk=iphoneos*]" = "iPhone Developer";
				COPY_PHASE_STRIP = NO;
				DEBUG_INFORMATION_FORMAT = dwarf;
				ENABLE_STRICT_OBJC_MSGSEND = YES;
				ENABLE_TESTABILITY = YES;
				GCC_C_LANGUAGE_STANDARD = gnu99;
				GCC_DYNAMIC_NO_PIC = NO;
				GCC_NO_COMMON_BLOCKS = YES;
				GCC_OPTIMIZATION_LEVEL = 0;
				GCC_PREPROCESSOR_DEFINITIONS = (
					"DEBUG=1",
					"$(inherited)",
				);
				GCC_WARN_64_TO_32_BIT_CONVERSION = YES;
				GCC_WARN_ABOUT_RETURN_TYPE = YES_ERROR;
				GCC_WARN_UNDECLARED_SELECTOR = YES;
				GCC_WARN_UNINITIALIZED_AUTOS = YES_AGGRESSIVE;
				GCC_WARN_UNUSED_FUNCTION = YES;
				GCC_WARN_UNUSED_VARIABLE = YES;
				IPHONEOS_DEPLOYMENT_TARGET = 9.0;
				MTL_ENABLE_DEBUG_INFO = YES;
				ONLY_ACTIVE_ARCH = YES;
				SDKROOT = iphoneos;
				SWIFT_OPTIMIZATION_LEVEL = "-Onone";
				TARGETED_DEVICE_FAMILY = "1,2";
			};
			name = Debug;
		};
		3F55D54D1BC6784F00377B8A /* Release */ = {
			isa = XCBuildConfiguration;
			buildSettings = {
				ALWAYS_SEARCH_USER_PATHS = NO;
				CLANG_CXX_LANGUAGE_STANDARD = "gnu++0x";
				CLANG_CXX_LIBRARY = "libc++";
				CLANG_ENABLE_MODULES = YES;
				CLANG_ENABLE_OBJC_ARC = YES;
				CLANG_WARN_BOOL_CONVERSION = YES;
				CLANG_WARN_CONSTANT_CONVERSION = YES;
				CLANG_WARN_DIRECT_OBJC_ISA_USAGE = YES_ERROR;
				CLANG_WARN_EMPTY_BODY = YES;
				CLANG_WARN_ENUM_CONVERSION = YES;
				CLANG_WARN_INT_CONVERSION = YES;
				CLANG_WARN_OBJC_ROOT_CLASS = YES_ERROR;
				CLANG_WARN_UNREACHABLE_CODE = YES;
				CLANG_WARN__DUPLICATE_METHOD_MATCH = YES;
				"CODE_SIGN_IDENTITY[sdk=iphoneos*]" = "iPhone Developer";
				COPY_PHASE_STRIP = NO;
				DEBUG_INFORMATION_FORMAT = "dwarf-with-dsym";
				ENABLE_NS_ASSERTIONS = NO;
				ENABLE_STRICT_OBJC_MSGSEND = YES;
				GCC_C_LANGUAGE_STANDARD = gnu99;
				GCC_NO_COMMON_BLOCKS = YES;
				GCC_WARN_64_TO_32_BIT_CONVERSION = YES;
				GCC_WARN_ABOUT_RETURN_TYPE = YES_ERROR;
				GCC_WARN_UNDECLARED_SELECTOR = YES;
				GCC_WARN_UNINITIALIZED_AUTOS = YES_AGGRESSIVE;
				GCC_WARN_UNUSED_FUNCTION = YES;
				GCC_WARN_UNUSED_VARIABLE = YES;
				IPHONEOS_DEPLOYMENT_TARGET = 9.0;
				MTL_ENABLE_DEBUG_INFO = NO;
				SDKROOT = iphoneos;
				TARGETED_DEVICE_FAMILY = "1,2";
				VALIDATE_PRODUCT = YES;
			};
			name = Release;
		};
		3F55D54F1BC6784F00377B8A /* Debug */ = {
			isa = XCBuildConfiguration;
			buildSettings = {
				ASSETCATALOG_COMPILER_APPICON_NAME = AppIcon;
				CODE_SIGN_IDENTITY = "iPhone Distribution: Nabil Freeman (8G79KQPSBX)";
				INFOPLIST_FILE = emojify/Info.plist;
				IPHONEOS_DEPLOYMENT_TARGET = 8.2;
				LD_RUNPATH_SEARCH_PATHS = "$(inherited) @executable_path/Frameworks";
				PRODUCT_BUNDLE_IDENTIFIER = com.freeman.emojify;
				PRODUCT_NAME = "$(TARGET_NAME)";
				PROVISIONING_PROFILE = "bcc2477c-2d06-4502-936e-190394872895";
				TARGETED_DEVICE_FAMILY = 1;
			};
			name = Debug;
		};
		3F55D5501BC6784F00377B8A /* Release */ = {
			isa = XCBuildConfiguration;
			buildSettings = {
				ASSETCATALOG_COMPILER_APPICON_NAME = AppIcon;
				CODE_SIGN_IDENTITY = "iPhone Distribution: Nabil Freeman (8G79KQPSBX)";
				INFOPLIST_FILE = emojify/Info.plist;
				IPHONEOS_DEPLOYMENT_TARGET = 8.2;
				LD_RUNPATH_SEARCH_PATHS = "$(inherited) @executable_path/Frameworks";
				PRODUCT_BUNDLE_IDENTIFIER = com.freeman.emojify;
				PRODUCT_NAME = "$(TARGET_NAME)";
				PROVISIONING_PROFILE = "bcc2477c-2d06-4502-936e-190394872895";
				TARGETED_DEVICE_FAMILY = 1;
			};
			name = Release;
		};
		3F55D5521BC6784F00377B8A /* Debug */ = {
			isa = XCBuildConfiguration;
			buildSettings = {
				BUNDLE_LOADER = "$(TEST_HOST)";
				INFOPLIST_FILE = emojifyTests/Info.plist;
				LD_RUNPATH_SEARCH_PATHS = "$(inherited) @executable_path/Frameworks @loader_path/Frameworks";
				PRODUCT_BUNDLE_IDENTIFIER = com.freeman.emojifyTests;
				PRODUCT_NAME = "$(TARGET_NAME)";
				TEST_HOST = "$(BUILT_PRODUCTS_DIR)/emojify.app/emojify";
			};
			name = Debug;
		};
		3F55D5531BC6784F00377B8A /* Release */ = {
			isa = XCBuildConfiguration;
			buildSettings = {
				BUNDLE_LOADER = "$(TEST_HOST)";
				INFOPLIST_FILE = emojifyTests/Info.plist;
				LD_RUNPATH_SEARCH_PATHS = "$(inherited) @executable_path/Frameworks @loader_path/Frameworks";
				PRODUCT_BUNDLE_IDENTIFIER = com.freeman.emojifyTests;
				PRODUCT_NAME = "$(TARGET_NAME)";
				TEST_HOST = "$(BUILT_PRODUCTS_DIR)/emojify.app/emojify";
			};
			name = Release;
		};
		3F55D5551BC6784F00377B8A /* Debug */ = {
			isa = XCBuildConfiguration;
			buildSettings = {
				INFOPLIST_FILE = emojifyUITests/Info.plist;
				LD_RUNPATH_SEARCH_PATHS = "$(inherited) @executable_path/Frameworks @loader_path/Frameworks";
				PRODUCT_BUNDLE_IDENTIFIER = com.freeman.emojifyUITests;
				PRODUCT_NAME = "$(TARGET_NAME)";
				TEST_TARGET_NAME = emojify;
				USES_XCTRUNNER = YES;
			};
			name = Debug;
		};
		3F55D5561BC6784F00377B8A /* Release */ = {
			isa = XCBuildConfiguration;
			buildSettings = {
				INFOPLIST_FILE = emojifyUITests/Info.plist;
				LD_RUNPATH_SEARCH_PATHS = "$(inherited) @executable_path/Frameworks @loader_path/Frameworks";
				PRODUCT_BUNDLE_IDENTIFIER = com.freeman.emojifyUITests;
				PRODUCT_NAME = "$(TARGET_NAME)";
				TEST_TARGET_NAME = emojify;
				USES_XCTRUNNER = YES;
			};
			name = Release;
		};
/* End XCBuildConfiguration section */

/* Begin XCConfigurationList section */
		3F55D5211BC6784F00377B8A /* Build configuration list for PBXProject "Emojify" */ = {
			isa = XCConfigurationList;
			buildConfigurations = (
				3F55D54C1BC6784F00377B8A /* Debug */,
				3F55D54D1BC6784F00377B8A /* Release */,
			);
			defaultConfigurationIsVisible = 0;
			defaultConfigurationName = Release;
		};
		3F55D54E1BC6784F00377B8A /* Build configuration list for PBXNativeTarget "Emojify" */ = {
			isa = XCConfigurationList;
			buildConfigurations = (
				3F55D54F1BC6784F00377B8A /* Debug */,
				3F55D5501BC6784F00377B8A /* Release */,
			);
			defaultConfigurationIsVisible = 0;
			defaultConfigurationName = Release;
		};
		3F55D5511BC6784F00377B8A /* Build configuration list for PBXNativeTarget "emojifyTests" */ = {
			isa = XCConfigurationList;
			buildConfigurations = (
				3F55D5521BC6784F00377B8A /* Debug */,
				3F55D5531BC6784F00377B8A /* Release */,
			);
			defaultConfigurationIsVisible = 0;
			defaultConfigurationName = Release;
		};
		3F55D5541BC6784F00377B8A /* Build configuration list for PBXNativeTarget "emojifyUITests" */ = {
			isa = XCConfigurationList;
			buildConfigurations = (
				3F55D5551BC6784F00377B8A /* Debug */,
				3F55D5561BC6784F00377B8A /* Release */,
			);
			defaultConfigurationIsVisible = 0;
			defaultConfigurationName = Release;
		};
/* End XCConfigurationList section */
	};
	rootObject = 3F55D51E1BC6784F00377B8A /* Project object */;
}
